// !$*UTF8*$!
{
	archiveVersion = 1;
	classes = {
	};
	objectVersion = 55;
	objects = {

/* Begin PBXBuildFile section */
		F3C06F5628C24D60000B2C14 /* AppDelegate.swift in Sources */ = {isa = PBXBuildFile; fileRef = F3C06F5528C24D60000B2C14 /* AppDelegate.swift */; };
		F3C06F5828C24D60000B2C14 /* SceneDelegate.swift in Sources */ = {isa = PBXBuildFile; fileRef = F3C06F5728C24D60000B2C14 /* SceneDelegate.swift */; };
		F3C06F5F28C24D61000B2C14 /* Assets.xcassets in Resources */ = {isa = PBXBuildFile; fileRef = F3C06F5E28C24D61000B2C14 /* Assets.xcassets */; };
		F3C06F6228C24D61000B2C14 /* LaunchScreen.storyboard in Resources */ = {isa = PBXBuildFile; fileRef = F3C06F6028C24D61000B2C14 /* LaunchScreen.storyboard */; };
		F3C06F6C28C26B9C000B2C14 /* Main.storyboard in Resources */ = {isa = PBXBuildFile; fileRef = F3C06F6B28C26B9C000B2C14 /* Main.storyboard */; };
		F3C06F7328C26FA4000B2C14 /* Category.swift in Sources */ = {isa = PBXBuildFile; fileRef = F3C06F7228C26FA4000B2C14 /* Category.swift */; };
		F3C06F7528C2845C000B2C14 /* ShopApiManager.swift in Sources */ = {isa = PBXBuildFile; fileRef = F3C06F7428C2845C000B2C14 /* ShopApiManager.swift */; };
		F3C06F7728C284FF000B2C14 /* Constants.swift in Sources */ = {isa = PBXBuildFile; fileRef = F3C06F7628C284FF000B2C14 /* Constants.swift */; };
		F3C06F7928C32CD1000B2C14 /* CategoriesViewController.swift in Sources */ = {isa = PBXBuildFile; fileRef = F3C06F7828C32CD1000B2C14 /* CategoriesViewController.swift */; };
		F3C06F7C28C32D46000B2C14 /* NSObject.swift in Sources */ = {isa = PBXBuildFile; fileRef = F3C06F7B28C32D46000B2C14 /* NSObject.swift */; };
		F3C06F7E28C32D61000B2C14 /* Assembly.swift in Sources */ = {isa = PBXBuildFile; fileRef = F3C06F7D28C32D61000B2C14 /* Assembly.swift */; };
		F3C06F8028C3356E000B2C14 /* MainCoordinator.swift in Sources */ = {isa = PBXBuildFile; fileRef = F3C06F7F28C3356E000B2C14 /* MainCoordinator.swift */; };
		F3E4B8A128C33821003185A3 /* CategoriesInteractor.swift in Sources */ = {isa = PBXBuildFile; fileRef = F3E4B8A028C33821003185A3 /* CategoriesInteractor.swift */; };
		F3E4B8A528C33FDA003185A3 /* Result.swift in Sources */ = {isa = PBXBuildFile; fileRef = F3E4B8A428C33FDA003185A3 /* Result.swift */; };
		F3E4B8A828C34799003185A3 /* CategoriesCollectionViewCell.swift in Sources */ = {isa = PBXBuildFile; fileRef = F3E4B8A728C34799003185A3 /* CategoriesCollectionViewCell.swift */; };
		F3E4B8AA28C361A1003185A3 /* ListOfProductsViewController.swift in Sources */ = {isa = PBXBuildFile; fileRef = F3E4B8A928C361A1003185A3 /* ListOfProductsViewController.swift */; };
		F3E4B8AC28C3B3A4003185A3 /* UIImageView.swift in Sources */ = {isa = PBXBuildFile; fileRef = F3E4B8AB28C3B3A4003185A3 /* UIImageView.swift */; };
		F3E4B8AE28C3BBD1003185A3 /* ListOfProducts.swift in Sources */ = {isa = PBXBuildFile; fileRef = F3E4B8AD28C3BBD1003185A3 /* ListOfProducts.swift */; };
		F3E4B8B028C3DC12003185A3 /* ListOfItemCollectionViewCell.swift in Sources */ = {isa = PBXBuildFile; fileRef = F3E4B8AF28C3DC12003185A3 /* ListOfItemCollectionViewCell.swift */; };
/* End PBXBuildFile section */

/* Begin PBXFileReference section */
		F3C06F5228C24D60000B2C14 /* eSolutionsPracticalTest.app */ = {isa = PBXFileReference; explicitFileType = wrapper.application; includeInIndex = 0; path = eSolutionsPracticalTest.app; sourceTree = BUILT_PRODUCTS_DIR; };
		F3C06F5528C24D60000B2C14 /* AppDelegate.swift */ = {isa = PBXFileReference; lastKnownFileType = sourcecode.swift; path = AppDelegate.swift; sourceTree = "<group>"; };
		F3C06F5728C24D60000B2C14 /* SceneDelegate.swift */ = {isa = PBXFileReference; lastKnownFileType = sourcecode.swift; path = SceneDelegate.swift; sourceTree = "<group>"; };
		F3C06F5E28C24D61000B2C14 /* Assets.xcassets */ = {isa = PBXFileReference; lastKnownFileType = folder.assetcatalog; path = Assets.xcassets; sourceTree = "<group>"; };
		F3C06F6128C24D61000B2C14 /* Base */ = {isa = PBXFileReference; lastKnownFileType = file.storyboard; name = Base; path = Base.lproj/LaunchScreen.storyboard; sourceTree = "<group>"; };
		F3C06F6328C24D61000B2C14 /* Info.plist */ = {isa = PBXFileReference; lastKnownFileType = text.plist.xml; path = Info.plist; sourceTree = "<group>"; };
		F3C06F6B28C26B9C000B2C14 /* Main.storyboard */ = {isa = PBXFileReference; lastKnownFileType = file.storyboard; path = Main.storyboard; sourceTree = "<group>"; };
		F3C06F7228C26FA4000B2C14 /* Category.swift */ = {isa = PBXFileReference; lastKnownFileType = sourcecode.swift; path = Category.swift; sourceTree = "<group>"; };
		F3C06F7428C2845C000B2C14 /* ShopApiManager.swift */ = {isa = PBXFileReference; lastKnownFileType = sourcecode.swift; path = ShopApiManager.swift; sourceTree = "<group>"; };
		F3C06F7628C284FF000B2C14 /* Constants.swift */ = {isa = PBXFileReference; lastKnownFileType = sourcecode.swift; path = Constants.swift; sourceTree = "<group>"; };
		F3C06F7828C32CD1000B2C14 /* CategoriesViewController.swift */ = {isa = PBXFileReference; lastKnownFileType = sourcecode.swift; path = CategoriesViewController.swift; sourceTree = "<group>"; };
		F3C06F7B28C32D46000B2C14 /* NSObject.swift */ = {isa = PBXFileReference; fileEncoding = 4; lastKnownFileType = sourcecode.swift; path = NSObject.swift; sourceTree = "<group>"; };
		F3C06F7D28C32D61000B2C14 /* Assembly.swift */ = {isa = PBXFileReference; lastKnownFileType = sourcecode.swift; path = Assembly.swift; sourceTree = "<group>"; };
		F3C06F7F28C3356E000B2C14 /* MainCoordinator.swift */ = {isa = PBXFileReference; lastKnownFileType = sourcecode.swift; path = MainCoordinator.swift; sourceTree = "<group>"; };
		F3E4B8A028C33821003185A3 /* CategoriesInteractor.swift */ = {isa = PBXFileReference; lastKnownFileType = sourcecode.swift; path = CategoriesInteractor.swift; sourceTree = "<group>"; };
		F3E4B8A428C33FDA003185A3 /* Result.swift */ = {isa = PBXFileReference; lastKnownFileType = sourcecode.swift; path = Result.swift; sourceTree = "<group>"; };
		F3E4B8A728C34799003185A3 /* CategoriesCollectionViewCell.swift */ = {isa = PBXFileReference; lastKnownFileType = sourcecode.swift; path = CategoriesCollectionViewCell.swift; sourceTree = "<group>"; };
		F3E4B8A928C361A1003185A3 /* ListOfProductsViewController.swift */ = {isa = PBXFileReference; lastKnownFileType = sourcecode.swift; path = ListOfProductsViewController.swift; sourceTree = "<group>"; };
		F3E4B8AB28C3B3A4003185A3 /* UIImageView.swift */ = {isa = PBXFileReference; lastKnownFileType = sourcecode.swift; path = UIImageView.swift; sourceTree = "<group>"; };
		F3E4B8AD28C3BBD1003185A3 /* ListOfProducts.swift */ = {isa = PBXFileReference; lastKnownFileType = sourcecode.swift; path = ListOfProducts.swift; sourceTree = "<group>"; };
		F3E4B8AF28C3DC12003185A3 /* ListOfItemCollectionViewCell.swift */ = {isa = PBXFileReference; lastKnownFileType = sourcecode.swift; path = ListOfItemCollectionViewCell.swift; sourceTree = "<group>"; };
/* End PBXFileReference section */

/* Begin PBXFrameworksBuildPhase section */
		F3C06F4F28C24D60000B2C14 /* Frameworks */ = {
			isa = PBXFrameworksBuildPhase;
			buildActionMask = 2147483647;
			files = (
			);
			runOnlyForDeploymentPostprocessing = 0;
		};
/* End PBXFrameworksBuildPhase section */

/* Begin PBXGroup section */
		F3C06F4928C24D60000B2C14 = {
			isa = PBXGroup;
			children = (
				F3C06F5428C24D60000B2C14 /* eSolutionsPracticalTest */,
				F3C06F5328C24D60000B2C14 /* Products */,
			);
			sourceTree = "<group>";
		};
		F3C06F5328C24D60000B2C14 /* Products */ = {
			isa = PBXGroup;
			children = (
				F3C06F5228C24D60000B2C14 /* eSolutionsPracticalTest.app */,
			);
			name = Products;
			sourceTree = "<group>";
		};
		F3C06F5428C24D60000B2C14 /* eSolutionsPracticalTest */ = {
			isa = PBXGroup;
			children = (
				F3E4B8A628C3432B003185A3 /* DataManager */,
				F3C06F7128C26C5A000B2C14 /* Cells */,
				F3C06F6A28C24F58000B2C14 /* Common */,
				F3C06F6D28C26BA6000B2C14 /* Controllers */,
				F3C06F7A28C32CFB000B2C14 /* Extension */,
				F3C06F6E28C26BB1000B2C14 /* Items */,
				F3C06F6F28C26BF8000B2C14 /* Iteractors */,
				F3C06F7028C26C00000B2C14 /* Logic */,
				F3C06F6928C24F47000B2C14 /* Resources */,
			);
			path = eSolutionsPracticalTest;
			sourceTree = "<group>";
		};
		F3C06F6928C24F47000B2C14 /* Resources */ = {
			isa = PBXGroup;
			children = (
				F3C06F5E28C24D61000B2C14 /* Assets.xcassets */,
				F3C06F6028C24D61000B2C14 /* LaunchScreen.storyboard */,
				F3C06F6B28C26B9C000B2C14 /* Main.storyboard */,
			);
			path = Resources;
			sourceTree = "<group>";
		};
		F3C06F6A28C24F58000B2C14 /* Common */ = {
			isa = PBXGroup;
			children = (
				F3C06F6328C24D61000B2C14 /* Info.plist */,
				F3C06F5528C24D60000B2C14 /* AppDelegate.swift */,
				F3C06F5728C24D60000B2C14 /* SceneDelegate.swift */,
				F3C06F7628C284FF000B2C14 /* Constants.swift */,
			);
			path = Common;
			sourceTree = "<group>";
		};
		F3C06F6D28C26BA6000B2C14 /* Controllers */ = {
			isa = PBXGroup;
			children = (
				F3C06F7828C32CD1000B2C14 /* CategoriesViewController.swift */,
				F3E4B8A928C361A1003185A3 /* ListOfProductsViewController.swift */,
			);
			path = Controllers;
			sourceTree = "<group>";
		};
		F3C06F6E28C26BB1000B2C14 /* Items */ = {
			isa = PBXGroup;
			children = (
				F3C06F7228C26FA4000B2C14 /* Category.swift */,
				F3E4B8AD28C3BBD1003185A3 /* ListOfProducts.swift */,
			);
			path = Items;
			sourceTree = "<group>";
		};
		F3C06F6F28C26BF8000B2C14 /* Iteractors */ = {
			isa = PBXGroup;
			children = (
				F3E4B8A028C33821003185A3 /* CategoriesInteractor.swift */,
			);
			path = Iteractors;
			sourceTree = "<group>";
		};
		F3C06F7028C26C00000B2C14 /* Logic */ = {
			isa = PBXGroup;
			children = (
				F3C06F7D28C32D61000B2C14 /* Assembly.swift */,
				F3C06F7F28C3356E000B2C14 /* MainCoordinator.swift */,
			);
			path = Logic;
			sourceTree = "<group>";
		};
		F3C06F7128C26C5A000B2C14 /* Cells */ = {
			isa = PBXGroup;
			children = (
				F3E4B8A728C34799003185A3 /* CategoriesCollectionViewCell.swift */,
				F3E4B8AF28C3DC12003185A3 /* ListOfItemCollectionViewCell.swift */,
			);
			path = Cells;
			sourceTree = "<group>";
		};
		F3C06F7A28C32CFB000B2C14 /* Extension */ = {
			isa = PBXGroup;
			children = (
				F3C06F7B28C32D46000B2C14 /* NSObject.swift */,
				F3E4B8A428C33FDA003185A3 /* Result.swift */,
				F3E4B8AB28C3B3A4003185A3 /* UIImageView.swift */,
			);
			path = Extension;
			sourceTree = "<group>";
		};
		F3E4B8A628C3432B003185A3 /* DataManager */ = {
			isa = PBXGroup;
			children = (
				F3C06F7428C2845C000B2C14 /* ShopApiManager.swift */,
			);
			path = DataManager;
			sourceTree = "<group>";
		};
/* End PBXGroup section */

/* Begin PBXNativeTarget section */
		F3C06F5128C24D60000B2C14 /* eSolutionsPracticalTest */ = {
			isa = PBXNativeTarget;
			buildConfigurationList = F3C06F6628C24D61000B2C14 /* Build configuration list for PBXNativeTarget "eSolutionsPracticalTest" */;
			buildPhases = (
				F3C06F4E28C24D60000B2C14 /* Sources */,
				F3C06F4F28C24D60000B2C14 /* Frameworks */,
				F3C06F5028C24D60000B2C14 /* Resources */,
			);
			buildRules = (
			);
			dependencies = (
			);
			name = eSolutionsPracticalTest;
			productName = eSolutionsPracticalTest;
			productReference = F3C06F5228C24D60000B2C14 /* eSolutionsPracticalTest.app */;
			productType = "com.apple.product-type.application";
		};
/* End PBXNativeTarget section */

/* Begin PBXProject section */
		F3C06F4A28C24D60000B2C14 /* Project object */ = {
			isa = PBXProject;
			attributes = {
				BuildIndependentTargetsInParallel = 1;
				LastSwiftUpdateCheck = 1340;
				LastUpgradeCheck = 1340;
				TargetAttributes = {
					F3C06F5128C24D60000B2C14 = {
						CreatedOnToolsVersion = 13.4.1;
					};
				};
			};
			buildConfigurationList = F3C06F4D28C24D60000B2C14 /* Build configuration list for PBXProject "eSolutionsPracticalTest" */;
			compatibilityVersion = "Xcode 13.0";
			developmentRegion = en;
			hasScannedForEncodings = 0;
			knownRegions = (
				en,
				Base,
			);
			mainGroup = F3C06F4928C24D60000B2C14;
			productRefGroup = F3C06F5328C24D60000B2C14 /* Products */;
			projectDirPath = "";
			projectRoot = "";
			targets = (
				F3C06F5128C24D60000B2C14 /* eSolutionsPracticalTest */,
			);
		};
/* End PBXProject section */

/* Begin PBXResourcesBuildPhase section */
		F3C06F5028C24D60000B2C14 /* Resources */ = {
			isa = PBXResourcesBuildPhase;
			buildActionMask = 2147483647;
			files = (
				F3C06F6C28C26B9C000B2C14 /* Main.storyboard in Resources */,
				F3C06F6228C24D61000B2C14 /* LaunchScreen.storyboard in Resources */,
				F3C06F5F28C24D61000B2C14 /* Assets.xcassets in Resources */,
			);
			runOnlyForDeploymentPostprocessing = 0;
		};
/* End PBXResourcesBuildPhase section */

/* Begin PBXSourcesBuildPhase section */
		F3C06F4E28C24D60000B2C14 /* Sources */ = {
			isa = PBXSourcesBuildPhase;
			buildActionMask = 2147483647;
			files = (
				F3C06F7728C284FF000B2C14 /* Constants.swift in Sources */,
				F3C06F7E28C32D61000B2C14 /* Assembly.swift in Sources */,
				F3E4B8AC28C3B3A4003185A3 /* UIImageView.swift in Sources */,
				F3C06F7528C2845C000B2C14 /* ShopApiManager.swift in Sources */,
				F3E4B8B028C3DC12003185A3 /* ListOfItemCollectionViewCell.swift in Sources */,
				F3C06F7928C32CD1000B2C14 /* CategoriesViewController.swift in Sources */,
				F3E4B8A128C33821003185A3 /* CategoriesInteractor.swift in Sources */,
				F3E4B8A528C33FDA003185A3 /* Result.swift in Sources */,
				F3E4B8AE28C3BBD1003185A3 /* ListOfProducts.swift in Sources */,
				F3E4B8A828C34799003185A3 /* CategoriesCollectionViewCell.swift in Sources */,
				F3C06F7C28C32D46000B2C14 /* NSObject.swift in Sources */,
				F3C06F5628C24D60000B2C14 /* AppDelegate.swift in Sources */,
				F3E4B8AA28C361A1003185A3 /* ListOfProductsViewController.swift in Sources */,
				F3C06F5828C24D60000B2C14 /* SceneDelegate.swift in Sources */,
				F3C06F7328C26FA4000B2C14 /* Category.swift in Sources */,
				F3C06F8028C3356E000B2C14 /* MainCoordinator.swift in Sources */,
			);
			runOnlyForDeploymentPostprocessing = 0;
		};
/* End PBXSourcesBuildPhase section */

/* Begin PBXVariantGroup section */
		F3C06F6028C24D61000B2C14 /* LaunchScreen.storyboard */ = {
			isa = PBXVariantGroup;
			children = (
				F3C06F6128C24D61000B2C14 /* Base */,
			);
			name = LaunchScreen.storyboard;
			sourceTree = "<group>";
		};
/* End PBXVariantGroup section */

/* Begin XCBuildConfiguration section */
		F3C06F6428C24D61000B2C14 /* Debug */ = {
			isa = XCBuildConfiguration;
			buildSettings = {
				ALWAYS_SEARCH_USER_PATHS = NO;
				CLANG_ANALYZER_NONNULL = YES;
				CLANG_ANALYZER_NUMBER_OBJECT_CONVERSION = YES_AGGRESSIVE;
				CLANG_CXX_LANGUAGE_STANDARD = "gnu++17";
				CLANG_ENABLE_MODULES = YES;
				CLANG_ENABLE_OBJC_ARC = YES;
				CLANG_ENABLE_OBJC_WEAK = YES;
				CLANG_WARN_BLOCK_CAPTURE_AUTORELEASING = YES;
				CLANG_WARN_BOOL_CONVERSION = YES;
				CLANG_WARN_COMMA = YES;
				CLANG_WARN_CONSTANT_CONVERSION = YES;
				CLANG_WARN_DEPRECATED_OBJC_IMPLEMENTATIONS = YES;
				CLANG_WARN_DIRECT_OBJC_ISA_USAGE = YES_ERROR;
				CLANG_WARN_DOCUMENTATION_COMMENTS = YES;
				CLANG_WARN_EMPTY_BODY = YES;
				CLANG_WARN_ENUM_CONVERSION = YES;
				CLANG_WARN_INFINITE_RECURSION = YES;
				CLANG_WARN_INT_CONVERSION = YES;
				CLANG_WARN_NON_LITERAL_NULL_CONVERSION = YES;
				CLANG_WARN_OBJC_IMPLICIT_RETAIN_SELF = YES;
				CLANG_WARN_OBJC_LITERAL_CONVERSION = YES;
				CLANG_WARN_OBJC_ROOT_CLASS = YES_ERROR;
				CLANG_WARN_QUOTED_INCLUDE_IN_FRAMEWORK_HEADER = YES;
				CLANG_WARN_RANGE_LOOP_ANALYSIS = YES;
				CLANG_WARN_STRICT_PROTOTYPES = YES;
				CLANG_WARN_SUSPICIOUS_MOVE = YES;
				CLANG_WARN_UNGUARDED_AVAILABILITY = YES_AGGRESSIVE;
				CLANG_WARN_UNREACHABLE_CODE = YES;
				CLANG_WARN__DUPLICATE_METHOD_MATCH = YES;
				COPY_PHASE_STRIP = NO;
				DEBUG_INFORMATION_FORMAT = dwarf;
				ENABLE_STRICT_OBJC_MSGSEND = YES;
				ENABLE_TESTABILITY = YES;
				GCC_C_LANGUAGE_STANDARD = gnu11;
				GCC_DYNAMIC_NO_PIC = NO;
				GCC_NO_COMMON_BLOCKS = YES;
				GCC_OPTIMIZATION_LEVEL = 0;
				GCC_PREPROCESSOR_DEFINITIONS = (
					"DEBUG=1",
					"$(inherited)",
				);
				GCC_WARN_64_TO_32_BIT_CONVERSION = YES;
				GCC_WARN_ABOUT_RETURN_TYPE = YES_ERROR;
				GCC_WARN_UNDECLARED_SELECTOR = YES;
				GCC_WARN_UNINITIALIZED_AUTOS = YES_AGGRESSIVE;
				GCC_WARN_UNUSED_FUNCTION = YES;
				GCC_WARN_UNUSED_VARIABLE = YES;
				IPHONEOS_DEPLOYMENT_TARGET = 15.5;
				MTL_ENABLE_DEBUG_INFO = INCLUDE_SOURCE;
				MTL_FAST_MATH = YES;
				ONLY_ACTIVE_ARCH = YES;
				SDKROOT = iphoneos;
				SWIFT_ACTIVE_COMPILATION_CONDITIONS = DEBUG;
				SWIFT_OPTIMIZATION_LEVEL = "-Onone";
			};
			name = Debug;
		};
		F3C06F6528C24D61000B2C14 /* Release */ = {
			isa = XCBuildConfiguration;
			buildSettings = {
				ALWAYS_SEARCH_USER_PATHS = NO;
				CLANG_ANALYZER_NONNULL = YES;
				CLANG_ANALYZER_NUMBER_OBJECT_CONVERSION = YES_AGGRESSIVE;
				CLANG_CXX_LANGUAGE_STANDARD = "gnu++17";
				CLANG_ENABLE_MODULES = YES;
				CLANG_ENABLE_OBJC_ARC = YES;
				CLANG_ENABLE_OBJC_WEAK = YES;
				CLANG_WARN_BLOCK_CAPTURE_AUTORELEASING = YES;
				CLANG_WARN_BOOL_CONVERSION = YES;
				CLANG_WARN_COMMA = YES;
				CLANG_WARN_CONSTANT_CONVERSION = YES;
				CLANG_WARN_DEPRECATED_OBJC_IMPLEMENTATIONS = YES;
				CLANG_WARN_DIRECT_OBJC_ISA_USAGE = YES_ERROR;
				CLANG_WARN_DOCUMENTATION_COMMENTS = YES;
				CLANG_WARN_EMPTY_BODY = YES;
				CLANG_WARN_ENUM_CONVERSION = YES;
				CLANG_WARN_INFINITE_RECURSION = YES;
				CLANG_WARN_INT_CONVERSION = YES;
				CLANG_WARN_NON_LITERAL_NULL_CONVERSION = YES;
				CLANG_WARN_OBJC_IMPLICIT_RETAIN_SELF = YES;
				CLANG_WARN_OBJC_LITERAL_CONVERSION = YES;
				CLANG_WARN_OBJC_ROOT_CLASS = YES_ERROR;
				CLANG_WARN_QUOTED_INCLUDE_IN_FRAMEWORK_HEADER = YES;
				CLANG_WARN_RANGE_LOOP_ANALYSIS = YES;
				CLANG_WARN_STRICT_PROTOTYPES = YES;
				CLANG_WARN_SUSPICIOUS_MOVE = YES;
				CLANG_WARN_UNGUARDED_AVAILABILITY = YES_AGGRESSIVE;
				CLANG_WARN_UNREACHABLE_CODE = YES;
				CLANG_WARN__DUPLICATE_METHOD_MATCH = YES;
				COPY_PHASE_STRIP = NO;
				DEBUG_INFORMATION_FORMAT = "dwarf-with-dsym";
				ENABLE_NS_ASSERTIONS = NO;
				ENABLE_STRICT_OBJC_MSGSEND = YES;
				GCC_C_LANGUAGE_STANDARD = gnu11;
				GCC_NO_COMMON_BLOCKS = YES;
				GCC_WARN_64_TO_32_BIT_CONVERSION = YES;
				GCC_WARN_ABOUT_RETURN_TYPE = YES_ERROR;
				GCC_WARN_UNDECLARED_SELECTOR = YES;
				GCC_WARN_UNINITIALIZED_AUTOS = YES_AGGRESSIVE;
				GCC_WARN_UNUSED_FUNCTION = YES;
				GCC_WARN_UNUSED_VARIABLE = YES;
				IPHONEOS_DEPLOYMENT_TARGET = 15.5;
				MTL_ENABLE_DEBUG_INFO = NO;
				MTL_FAST_MATH = YES;
				SDKROOT = iphoneos;
				SWIFT_COMPILATION_MODE = wholemodule;
				SWIFT_OPTIMIZATION_LEVEL = "-O";
				VALIDATE_PRODUCT = YES;
			};
			name = Release;
		};
		F3C06F6728C24D61000B2C14 /* Debug */ = {
			isa = XCBuildConfiguration;
			buildSettings = {
				ASSETCATALOG_COMPILER_APPICON_NAME = AppIcon;
				ASSETCATALOG_COMPILER_GLOBAL_ACCENT_COLOR_NAME = AccentColor;
				CODE_SIGN_STYLE = Automatic;
				CURRENT_PROJECT_VERSION = 1;
				DEVELOPMENT_TEAM = 8C82H4XZR6;
				GENERATE_INFOPLIST_FILE = YES;
				INFOPLIST_FILE = eSolutionsPracticalTest/Common/Info.plist;
				INFOPLIST_KEY_UIApplicationSupportsIndirectInputEvents = YES;
				INFOPLIST_KEY_UILaunchStoryboardName = LaunchScreen;
				INFOPLIST_KEY_UISupportedInterfaceOrientations_iPad = "UIInterfaceOrientationPortrait UIInterfaceOrientationPortraitUpsideDown UIInterfaceOrientationLandscapeLeft UIInterfaceOrientationLandscapeRight";
				INFOPLIST_KEY_UISupportedInterfaceOrientations_iPhone = "UIInterfaceOrientationPortrait UIInterfaceOrientationLandscapeLeft UIInterfaceOrientationLandscapeRight";
				LD_RUNPATH_SEARCH_PATHS = (
					"$(inherited)",
					"@executable_path/Frameworks",
				);
				MARKETING_VERSION = 1.0;
				PRODUCT_BUNDLE_IDENTIFIER = com.PavelN.eSolutionsPracticalTest;
				PRODUCT_NAME = "$(TARGET_NAME)";
				SWIFT_EMIT_LOC_STRINGS = YES;
				SWIFT_VERSION = 5.0;
				TARGETED_DEVICE_FAMILY = "1,2";
			};
			name = Debug;
		};
		F3C06F6828C24D61000B2C14 /* Release */ = {
			isa = XCBuildConfiguration;
			buildSettings = {
				ASSETCATALOG_COMPILER_APPICON_NAME = AppIcon;
				ASSETCATALOG_COMPILER_GLOBAL_ACCENT_COLOR_NAME = AccentColor;
				CODE_SIGN_STYLE = Automatic;
				CURRENT_PROJECT_VERSION = 1;
				DEVELOPMENT_TEAM = 8C82H4XZR6;
				GENERATE_INFOPLIST_FILE = YES;
				INFOPLIST_FILE = eSolutionsPracticalTest/Common/Info.plist;
				INFOPLIST_KEY_UIApplicationSupportsIndirectInputEvents = YES;
				INFOPLIST_KEY_UILaunchStoryboardName = LaunchScreen;
				INFOPLIST_KEY_UISupportedInterfaceOrientations_iPad = "UIInterfaceOrientationPortrait UIInterfaceOrientationPortraitUpsideDown UIInterfaceOrientationLandscapeLeft UIInterfaceOrientationLandscapeRight";
				INFOPLIST_KEY_UISupportedInterfaceOrientations_iPhone = "UIInterfaceOrientationPortrait UIInterfaceOrientationLandscapeLeft UIInterfaceOrientationLandscapeRight";
				LD_RUNPATH_SEARCH_PATHS = (
					"$(inherited)",
					"@executable_path/Frameworks",
				);
				MARKETING_VERSION = 1.0;
				PRODUCT_BUNDLE_IDENTIFIER = com.PavelN.eSolutionsPracticalTest;
				PRODUCT_NAME = "$(TARGET_NAME)";
				SWIFT_EMIT_LOC_STRINGS = YES;
				SWIFT_VERSION = 5.0;
				TARGETED_DEVICE_FAMILY = "1,2";
			};
			name = Release;
		};
/* End XCBuildConfiguration section */

/* Begin XCConfigurationList section */
		F3C06F4D28C24D60000B2C14 /* Build configuration list for PBXProject "eSolutionsPracticalTest" */ = {
			isa = XCConfigurationList;
			buildConfigurations = (
				F3C06F6428C24D61000B2C14 /* Debug */,
				F3C06F6528C24D61000B2C14 /* Release */,
			);
			defaultConfigurationIsVisible = 0;
			defaultConfigurationName = Release;
		};
		F3C06F6628C24D61000B2C14 /* Build configuration list for PBXNativeTarget "eSolutionsPracticalTest" */ = {
			isa = XCConfigurationList;
			buildConfigurations = (
				F3C06F6728C24D61000B2C14 /* Debug */,
				F3C06F6828C24D61000B2C14 /* Release */,
			);
			defaultConfigurationIsVisible = 0;
			defaultConfigurationName = Release;
		};
/* End XCConfigurationList section */
	};
	rootObject = F3C06F4A28C24D60000B2C14 /* Project object */;
}
